
Microsoft Visual Studio Solution File, Format Version 12.00
# Visual Studio Version 17
VisualStudioVersion = 17.8.34309.116
MinimumVisualStudioVersion = 10.0.40219.1
Project("{FAE04EC0-301F-11D3-BF4B-00C04F79EFBC}") = "API", "API\API.csproj", "{68CF0C6D-5E1F-46C1-9C3E-AE09FD4C97AA}"
EndProject
Project("{FAE04EC0-301F-11D3-BF4B-00C04F79EFBC}") = "Application", "Application\Application.csproj", "{879B842C-F715-486D-993E-F0F33BAD6DCB}"
EndProject
Project("{FAE04EC0-301F-11D3-BF4B-00C04F79EFBC}") = "Infrastructure", "Infrastructure\Infrastructure.csproj", "{6C9E483F-A518-4290-A2D7-0ADDE6D42A7A}"
EndProject
Project("{FAE04EC0-301F-11D3-BF4B-00C04F79EFBC}") = "Domain", "Domain\Domain.csproj", "{A3A418A4-A42A-4A96-987C-ED8E1E9ABBB5}"
EndProject
Project("{E53339B2-1760-4266-BCC7-CA923CBCF16C}") = "docker-compose", "docker-compose.dcproj", "{3794DF4F-5CE0-4E81-8642-662D7E434E19}"
EndProject
Global
	GlobalSection(SolutionConfigurationPlatforms) = preSolution
		Debug|Any CPU = Debug|Any CPU
		Release|Any CPU = Release|Any CPU
	EndGlobalSection
	GlobalSection(ProjectConfigurationPlatforms) = postSolution
		{68CF0C6D-5E1F-46C1-9C3E-AE09FD4C97AA}.Debug|Any CPU.ActiveCfg = Debug|Any CPU
		{68CF0C6D-5E1F-46C1-9C3E-AE09FD4C97AA}.Debug|Any CPU.Build.0 = Debug|Any CPU
		{68CF0C6D-5E1F-46C1-9C3E-AE09FD4C97AA}.Release|Any CPU.ActiveCfg = Release|Any CPU
		{68CF0C6D-5E1F-46C1-9C3E-AE09FD4C97AA}.Release|Any CPU.Build.0 = Release|Any CPU
		{879B842C-F715-486D-993E-F0F33BAD6DCB}.Debug|Any CPU.ActiveCfg = Debug|Any CPU
		{879B842C-F715-486D-993E-F0F33BAD6DCB}.Debug|Any CPU.Build.0 = Debug|Any CPU
		{879B842C-F715-486D-993E-F0F33BAD6DCB}.Release|Any CPU.ActiveCfg = Release|Any CPU
		{879B842C-F715-486D-993E-F0F33BAD6DCB}.Release|Any CPU.Build.0 = Release|Any CPU
		{6C9E483F-A518-4290-A2D7-0ADDE6D42A7A}.Debug|Any CPU.ActiveCfg = Debug|Any CPU
		{6C9E483F-A518-4290-A2D7-0ADDE6D42A7A}.Debug|Any CPU.Build.0 = Debug|Any CPU
		{6C9E483F-A518-4290-A2D7-0ADDE6D42A7A}.Release|Any CPU.ActiveCfg = Release|Any CPU
		{6C9E483F-A518-4290-A2D7-0ADDE6D42A7A}.Release|Any CPU.Build.0 = Release|Any CPU
		{A3A418A4-A42A-4A96-987C-ED8E1E9ABBB5}.Debug|Any CPU.ActiveCfg = Debug|Any CPU
		{A3A418A4-A42A-4A96-987C-ED8E1E9ABBB5}.Debug|Any CPU.Build.0 = Debug|Any CPU
		{A3A418A4-A42A-4A96-987C-ED8E1E9ABBB5}.Release|Any CPU.ActiveCfg = Release|Any CPU
		{A3A418A4-A42A-4A96-987C-ED8E1E9ABBB5}.Release|Any CPU.Build.0 = Release|Any CPU
		{3794DF4F-5CE0-4E81-8642-662D7E434E19}.Debug|Any CPU.ActiveCfg = Debug|Any CPU
		{3794DF4F-5CE0-4E81-8642-662D7E434E19}.Debug|Any CPU.Build.0 = Debug|Any CPU
		{3794DF4F-5CE0-4E81-8642-662D7E434E19}.Release|Any CPU.ActiveCfg = Release|Any CPU
		{3794DF4F-5CE0-4E81-8642-662D7E434E19}.Release|Any CPU.Build.0 = Release|Any CPU
	EndGlobalSection
	GlobalSection(SolutionProperties) = preSolution
		HideSolutionNode = FALSE
	EndGlobalSection
	GlobalSection(ExtensibilityGlobals) = postSolution
		SolutionGuid = {049244B2-2385-44D0-8404-FDF15AC43DB0}
	EndGlobalSection
EndGlobal
